
Microsoft Visual Studio Solution File, Format Version 12.00
# Visual Studio Version 17
VisualStudioVersion = 17.4.33213.308
MinimumVisualStudioVersion = 10.0.40219.1
Project("{9A19103F-16F7-4668-BE54-9A1E7A4F7556}") = "EticaretProje.Domain", "EticaretProje.Domain\EticaretProje.Domain.csproj", "{2D97795C-BA19-4EBD-91AF-7CEA96FB4D42}"
EndProject
Project("{9A19103F-16F7-4668-BE54-9A1E7A4F7556}") = "ETicaretProje.Dal", "ETicaretProje.Dal\ETicaretProje.Dal.csproj", "{9271FDBA-4498-4FFE-A40B-00FCD4857BB9}"
EndProject
Project("{9A19103F-16F7-4668-BE54-9A1E7A4F7556}") = "ETicaretProje.Api", "ETicaretProje.Api\ETicaretProje.Api.csproj", "{8D64A91D-CAE8-4861-9E95-415BF2C2B12C}"
EndProject
Project("{FAE04EC0-301F-11D3-BF4B-00C04F79EFBC}") = "ETicaretProje.Business", "ETicaretProje.Business\ETicaretProje.Business.csproj", "{4BE0D1A8-CC08-4084-904F-7EC702EC1A57}"
EndProject
Global
	GlobalSection(SolutionConfigurationPlatforms) = preSolution
		Debug|Any CPU = Debug|Any CPU
		Release|Any CPU = Release|Any CPU
	EndGlobalSection
	GlobalSection(ProjectConfigurationPlatforms) = postSolution
		{2D97795C-BA19-4EBD-91AF-7CEA96FB4D42}.Debug|Any CPU.ActiveCfg = Debug|Any CPU
		{2D97795C-BA19-4EBD-91AF-7CEA96FB4D42}.Debug|Any CPU.Build.0 = Debug|Any CPU
		{2D97795C-BA19-4EBD-91AF-7CEA96FB4D42}.Release|Any CPU.ActiveCfg = Release|Any CPU
		{2D97795C-BA19-4EBD-91AF-7CEA96FB4D42}.Release|Any CPU.Build.0 = Release|Any CPU
		{9271FDBA-4498-4FFE-A40B-00FCD4857BB9}.Debug|Any CPU.ActiveCfg = Debug|Any CPU
		{9271FDBA-4498-4FFE-A40B-00FCD4857BB9}.Debug|Any CPU.Build.0 = Debug|Any CPU
		{9271FDBA-4498-4FFE-A40B-00FCD4857BB9}.Release|Any CPU.ActiveCfg = Release|Any CPU
		{9271FDBA-4498-4FFE-A40B-00FCD4857BB9}.Release|Any CPU.Build.0 = Release|Any CPU
		{8D64A91D-CAE8-4861-9E95-415BF2C2B12C}.Debug|Any CPU.ActiveCfg = Debug|Any CPU
		{8D64A91D-CAE8-4861-9E95-415BF2C2B12C}.Debug|Any CPU.Build.0 = Debug|Any CPU
		{8D64A91D-CAE8-4861-9E95-415BF2C2B12C}.Release|Any CPU.ActiveCfg = Release|Any CPU
		{8D64A91D-CAE8-4861-9E95-415BF2C2B12C}.Release|Any CPU.Build.0 = Release|Any CPU
		{4BE0D1A8-CC08-4084-904F-7EC702EC1A57}.Debug|Any CPU.ActiveCfg = Debug|Any CPU
		{4BE0D1A8-CC08-4084-904F-7EC702EC1A57}.Debug|Any CPU.Build.0 = Debug|Any CPU
		{4BE0D1A8-CC08-4084-904F-7EC702EC1A57}.Release|Any CPU.ActiveCfg = Release|Any CPU
		{4BE0D1A8-CC08-4084-904F-7EC702EC1A57}.Release|Any CPU.Build.0 = Release|Any CPU
	EndGlobalSection
	GlobalSection(SolutionProperties) = preSolution
		HideSolutionNode = FALSE
	EndGlobalSection
	GlobalSection(ExtensibilityGlobals) = postSolution
		SolutionGuid = {7A38606A-A124-4186-B4B4-25620165ECF7}
	EndGlobalSection
EndGlobal
